<?xml version="1.0" encoding="UTF-8"?>
<Project ToolsVersion="12.0" xmlns="http://schemas.microsoft.com/developer/msbuild/2003">
  <ItemGroup>
    <CustomBuild Include="C:\Users\kyle.strader\Desktop\GameNetworking\Assignment_01\RakNet-master\build_2013\CMakeFiles\ad7ee85072338a91f6bdc36b18b10a59\generate.stamp.rule">
      <Filter>CMake Rules</Filter>
    </CustomBuild>
  </ItemGroup>
  <ItemGroup>
    <Filter Include="CMake Rules">
      <UniqueIdentifier>{17C0A4B1-EC22-4B6E-9412-23DE22EDD0D7}</UniqueIdentifier>
    </Filter>
  </ItemGroup>
</Project>
