Microsoft Visual Studio Solution File, Format Version 12.00
# Visual Studio 2013
Project("{8BC9CEB8-8B4A-11D0-8D11-00A0C91BC942}") = "ALL_BUILD", "ALL_BUILD.vcxproj", "{989BBC85-5000-4385-AFD5-C83B8C54EAD6}"
	ProjectSection(ProjectDependencies) = postProject
		{120CE585-1AC9-4F95-9C29-8CFA4B8218AA} = {120CE585-1AC9-4F95-9C29-8CFA4B8218AA}
	EndProjectSection
EndProject
Project("{8BC9CEB8-8B4A-11D0-8D11-00A0C91BC942}") = "RakNetDLL", "RakNetDLL.vcxproj", "{120CE585-1AC9-4F95-9C29-8CFA4B8218AA}"
	ProjectSection(ProjectDependencies) = postProject
		{14561007-9B85-487C-8F69-5E42370C4307} = {14561007-9B85-487C-8F69-5E42370C4307}
	EndProjectSection
EndProject
Project("{8BC9CEB8-8B4A-11D0-8D11-00A0C91BC942}") = "ZERO_CHECK", "..\..\\ZERO_CHECK.vcxproj", "{14561007-9B85-487C-8F69-5E42370C4307}"
	ProjectSection(ProjectDependencies) = postProject
	EndProjectSection
EndProject
Global
	GlobalSection(SolutionConfigurationPlatforms) = preSolution
		Debug|Win32 = Debug|Win32
		Release|Win32 = Release|Win32
		MinSizeRel|Win32 = MinSizeRel|Win32
		RelWithDebInfo|Win32 = RelWithDebInfo|Win32
	EndGlobalSection
	GlobalSection(ProjectConfigurationPlatforms) = postSolution
		{989BBC85-5000-4385-AFD5-C83B8C54EAD6}.Debug|Win32.ActiveCfg = Debug|Win32
		{989BBC85-5000-4385-AFD5-C83B8C54EAD6}.Release|Win32.ActiveCfg = Release|Win32
		{989BBC85-5000-4385-AFD5-C83B8C54EAD6}.MinSizeRel|Win32.ActiveCfg = MinSizeRel|Win32
		{989BBC85-5000-4385-AFD5-C83B8C54EAD6}.RelWithDebInfo|Win32.ActiveCfg = RelWithDebInfo|Win32
		{120CE585-1AC9-4F95-9C29-8CFA4B8218AA}.Debug|Win32.ActiveCfg = Debug|Win32
		{120CE585-1AC9-4F95-9C29-8CFA4B8218AA}.Debug|Win32.Build.0 = Debug|Win32
		{120CE585-1AC9-4F95-9C29-8CFA4B8218AA}.Release|Win32.ActiveCfg = Release|Win32
		{120CE585-1AC9-4F95-9C29-8CFA4B8218AA}.Release|Win32.Build.0 = Release|Win32
		{120CE585-1AC9-4F95-9C29-8CFA4B8218AA}.MinSizeRel|Win32.ActiveCfg = MinSizeRel|Win32
		{120CE585-1AC9-4F95-9C29-8CFA4B8218AA}.MinSizeRel|Win32.Build.0 = MinSizeRel|Win32
		{120CE585-1AC9-4F95-9C29-8CFA4B8218AA}.RelWithDebInfo|Win32.ActiveCfg = RelWithDebInfo|Win32
		{120CE585-1AC9-4F95-9C29-8CFA4B8218AA}.RelWithDebInfo|Win32.Build.0 = RelWithDebInfo|Win32
		{14561007-9B85-487C-8F69-5E42370C4307}.Debug|Win32.ActiveCfg = Debug|Win32
		{14561007-9B85-487C-8F69-5E42370C4307}.Debug|Win32.Build.0 = Debug|Win32
		{14561007-9B85-487C-8F69-5E42370C4307}.Release|Win32.ActiveCfg = Release|Win32
		{14561007-9B85-487C-8F69-5E42370C4307}.Release|Win32.Build.0 = Release|Win32
		{14561007-9B85-487C-8F69-5E42370C4307}.MinSizeRel|Win32.ActiveCfg = MinSizeRel|Win32
		{14561007-9B85-487C-8F69-5E42370C4307}.MinSizeRel|Win32.Build.0 = MinSizeRel|Win32
		{14561007-9B85-487C-8F69-5E42370C4307}.RelWithDebInfo|Win32.ActiveCfg = RelWithDebInfo|Win32
		{14561007-9B85-487C-8F69-5E42370C4307}.RelWithDebInfo|Win32.Build.0 = RelWithDebInfo|Win32
	EndGlobalSection
	GlobalSection(ExtensibilityGlobals) = postSolution
	EndGlobalSection
	GlobalSection(ExtensibilityAddIns) = postSolution
	EndGlobalSection
EndGlobal
