Microsoft Visual Studio Solution File, Format Version 12.00
# Visual Studio 2013
Project("{8BC9CEB8-8B4A-11D0-8D11-00A0C91BC942}") = "ALL_BUILD", "ALL_BUILD.vcxproj", "{989BBC85-5000-4385-AFD5-C83B8C54EAD6}"
	ProjectSection(ProjectDependencies) = postProject
		{E97BB24E-711B-4D41-9007-C9AEF8048833} = {E97BB24E-711B-4D41-9007-C9AEF8048833}
	EndProjectSection
EndProject
Project("{8BC9CEB8-8B4A-11D0-8D11-00A0C91BC942}") = "RakNetLibStatic", "RakNetLibStatic.vcxproj", "{E97BB24E-711B-4D41-9007-C9AEF8048833}"
	ProjectSection(ProjectDependencies) = postProject
		{14561007-9B85-487C-8F69-5E42370C4307} = {14561007-9B85-487C-8F69-5E42370C4307}
	EndProjectSection
EndProject
Project("{8BC9CEB8-8B4A-11D0-8D11-00A0C91BC942}") = "ZERO_CHECK", "..\..\\ZERO_CHECK.vcxproj", "{14561007-9B85-487C-8F69-5E42370C4307}"
	ProjectSection(ProjectDependencies) = postProject
	EndProjectSection
EndProject
Global
	GlobalSection(SolutionConfigurationPlatforms) = preSolution
		Debug|Win32 = Debug|Win32
		Release|Win32 = Release|Win32
		MinSizeRel|Win32 = MinSizeRel|Win32
		RelWithDebInfo|Win32 = RelWithDebInfo|Win32
	EndGlobalSection
	GlobalSection(ProjectConfigurationPlatforms) = postSolution
		{989BBC85-5000-4385-AFD5-C83B8C54EAD6}.Debug|Win32.ActiveCfg = Debug|Win32
		{989BBC85-5000-4385-AFD5-C83B8C54EAD6}.Release|Win32.ActiveCfg = Release|Win32
		{989BBC85-5000-4385-AFD5-C83B8C54EAD6}.MinSizeRel|Win32.ActiveCfg = MinSizeRel|Win32
		{989BBC85-5000-4385-AFD5-C83B8C54EAD6}.RelWithDebInfo|Win32.ActiveCfg = RelWithDebInfo|Win32
		{E97BB24E-711B-4D41-9007-C9AEF8048833}.Debug|Win32.ActiveCfg = Debug|Win32
		{E97BB24E-711B-4D41-9007-C9AEF8048833}.Debug|Win32.Build.0 = Debug|Win32
		{E97BB24E-711B-4D41-9007-C9AEF8048833}.Release|Win32.ActiveCfg = Release|Win32
		{E97BB24E-711B-4D41-9007-C9AEF8048833}.Release|Win32.Build.0 = Release|Win32
		{E97BB24E-711B-4D41-9007-C9AEF8048833}.MinSizeRel|Win32.ActiveCfg = MinSizeRel|Win32
		{E97BB24E-711B-4D41-9007-C9AEF8048833}.MinSizeRel|Win32.Build.0 = MinSizeRel|Win32
		{E97BB24E-711B-4D41-9007-C9AEF8048833}.RelWithDebInfo|Win32.ActiveCfg = RelWithDebInfo|Win32
		{E97BB24E-711B-4D41-9007-C9AEF8048833}.RelWithDebInfo|Win32.Build.0 = RelWithDebInfo|Win32
		{14561007-9B85-487C-8F69-5E42370C4307}.Debug|Win32.ActiveCfg = Debug|Win32
		{14561007-9B85-487C-8F69-5E42370C4307}.Debug|Win32.Build.0 = Debug|Win32
		{14561007-9B85-487C-8F69-5E42370C4307}.Release|Win32.ActiveCfg = Release|Win32
		{14561007-9B85-487C-8F69-5E42370C4307}.Release|Win32.Build.0 = Release|Win32
		{14561007-9B85-487C-8F69-5E42370C4307}.MinSizeRel|Win32.ActiveCfg = MinSizeRel|Win32
		{14561007-9B85-487C-8F69-5E42370C4307}.MinSizeRel|Win32.Build.0 = MinSizeRel|Win32
		{14561007-9B85-487C-8F69-5E42370C4307}.RelWithDebInfo|Win32.ActiveCfg = RelWithDebInfo|Win32
		{14561007-9B85-487C-8F69-5E42370C4307}.RelWithDebInfo|Win32.Build.0 = RelWithDebInfo|Win32
	EndGlobalSection
	GlobalSection(ExtensibilityGlobals) = postSolution
	EndGlobalSection
	GlobalSection(ExtensibilityAddIns) = postSolution
	EndGlobalSection
EndGlobal
